
Microsoft Visual Studio Solution File, Format Version 12.00
# Visual Studio Version 17
VisualStudioVersion = 17.0.32112.339
MinimumVisualStudioVersion = 10.0.40219.1
Project("{FAE04EC0-301F-11D3-BF4B-00C04F79EFBC}") = "VacationHire", "VacationHire\VacationHire.csproj", "{E9E1B342-217E-4DE7-93AD-25F2381AD864}"
EndProject
Project("{FAE04EC0-301F-11D3-BF4B-00C04F79EFBC}") = "Domain", "Domain\Domain.csproj", "{C59B2F39-A27E-4D2B-BEBD-0069452AC359}"
EndProject
Project("{2150E333-8FDC-42A3-9474-1A3956D46DE8}") = "Core", "Core", "{9B140459-474B-449C-AB9A-5CACA534A3F4}"
EndProject
Project("{FAE04EC0-301F-11D3-BF4B-00C04F79EFBC}") = "Application", "Application\Application.csproj", "{BE337C81-3246-4A70-BBDA-4A8455526FA3}"
EndProject
Project("{2150E333-8FDC-42A3-9474-1A3956D46DE8}") = "External", "External", "{DE7AEFE8-5721-49AC-8125-E9D00B1F625B}"
EndProject
Project("{FAE04EC0-301F-11D3-BF4B-00C04F79EFBC}") = "Infrastructure", "Infrastructure\Infrastructure.csproj", "{ABC9B17E-BE18-4980-91DB-6314FDC678A2}"
EndProject
Project("{FAE04EC0-301F-11D3-BF4B-00C04F79EFBC}") = "Presentation", "Presentation\Presentation.csproj", "{919BCA6E-49A6-4945-8E70-ED0F9C281CC5}"
EndProject
Global
	GlobalSection(SolutionConfigurationPlatforms) = preSolution
		Debug|Any CPU = Debug|Any CPU
		Release|Any CPU = Release|Any CPU
	EndGlobalSection
	GlobalSection(ProjectConfigurationPlatforms) = postSolution
		{E9E1B342-217E-4DE7-93AD-25F2381AD864}.Debug|Any CPU.ActiveCfg = Debug|Any CPU
		{E9E1B342-217E-4DE7-93AD-25F2381AD864}.Debug|Any CPU.Build.0 = Debug|Any CPU
		{E9E1B342-217E-4DE7-93AD-25F2381AD864}.Release|Any CPU.ActiveCfg = Release|Any CPU
		{E9E1B342-217E-4DE7-93AD-25F2381AD864}.Release|Any CPU.Build.0 = Release|Any CPU
		{C59B2F39-A27E-4D2B-BEBD-0069452AC359}.Debug|Any CPU.ActiveCfg = Debug|Any CPU
		{C59B2F39-A27E-4D2B-BEBD-0069452AC359}.Debug|Any CPU.Build.0 = Debug|Any CPU
		{C59B2F39-A27E-4D2B-BEBD-0069452AC359}.Release|Any CPU.ActiveCfg = Release|Any CPU
		{C59B2F39-A27E-4D2B-BEBD-0069452AC359}.Release|Any CPU.Build.0 = Release|Any CPU
		{BE337C81-3246-4A70-BBDA-4A8455526FA3}.Debug|Any CPU.ActiveCfg = Debug|Any CPU
		{BE337C81-3246-4A70-BBDA-4A8455526FA3}.Debug|Any CPU.Build.0 = Debug|Any CPU
		{BE337C81-3246-4A70-BBDA-4A8455526FA3}.Release|Any CPU.ActiveCfg = Release|Any CPU
		{BE337C81-3246-4A70-BBDA-4A8455526FA3}.Release|Any CPU.Build.0 = Release|Any CPU
		{ABC9B17E-BE18-4980-91DB-6314FDC678A2}.Debug|Any CPU.ActiveCfg = Debug|Any CPU
		{ABC9B17E-BE18-4980-91DB-6314FDC678A2}.Debug|Any CPU.Build.0 = Debug|Any CPU
		{ABC9B17E-BE18-4980-91DB-6314FDC678A2}.Release|Any CPU.ActiveCfg = Release|Any CPU
		{ABC9B17E-BE18-4980-91DB-6314FDC678A2}.Release|Any CPU.Build.0 = Release|Any CPU
		{919BCA6E-49A6-4945-8E70-ED0F9C281CC5}.Debug|Any CPU.ActiveCfg = Debug|Any CPU
		{919BCA6E-49A6-4945-8E70-ED0F9C281CC5}.Debug|Any CPU.Build.0 = Debug|Any CPU
		{919BCA6E-49A6-4945-8E70-ED0F9C281CC5}.Release|Any CPU.ActiveCfg = Release|Any CPU
		{919BCA6E-49A6-4945-8E70-ED0F9C281CC5}.Release|Any CPU.Build.0 = Release|Any CPU
	EndGlobalSection
	GlobalSection(SolutionProperties) = preSolution
		HideSolutionNode = FALSE
	EndGlobalSection
	GlobalSection(NestedProjects) = preSolution
		{C59B2F39-A27E-4D2B-BEBD-0069452AC359} = {9B140459-474B-449C-AB9A-5CACA534A3F4}
		{BE337C81-3246-4A70-BBDA-4A8455526FA3} = {9B140459-474B-449C-AB9A-5CACA534A3F4}
		{ABC9B17E-BE18-4980-91DB-6314FDC678A2} = {DE7AEFE8-5721-49AC-8125-E9D00B1F625B}
		{919BCA6E-49A6-4945-8E70-ED0F9C281CC5} = {DE7AEFE8-5721-49AC-8125-E9D00B1F625B}
	EndGlobalSection
	GlobalSection(ExtensibilityGlobals) = postSolution
		SolutionGuid = {FD381B8D-7296-47A5-B402-9822DD23521A}
	EndGlobalSection
EndGlobal
